
Microsoft Visual Studio Solution File, Format Version 12.00
# Visual Studio 14
VisualStudioVersion = 14.0.24720.0
MinimumVisualStudioVersion = 10.0.40219.1
Project("{2150E333-8FDC-42A3-9474-1A3956D46DE8}") = "Tests", "Tests", "{724F85B0-4E93-46D4-AD51-D04C54139498}"
EndProject
Project("{FAE04EC0-301F-11D3-BF4B-00C04F79EFBC}") = "Should", "should\Should.csproj", "{5606A23D-EBDA-4563-B303-F19CEFE9EC32}"
EndProject
Project("{FAE04EC0-301F-11D3-BF4B-00C04F79EFBC}") = "Should.Fluent", "Should.Fluent\Should.Fluent.csproj", "{20743DBF-AEF5-464B-9C9B-8109AD43AA5A}"
EndProject
Project("{FAE04EC0-301F-11D3-BF4B-00C04F79EFBC}") = "Should.Fluent.UnitTests", "Should.Fluent.UnitTests\Should.Fluent.UnitTests.csproj", "{A2973D4C-660C-42C8-A610-3B69170B6932}"
EndProject
Project("{FAE04EC0-301F-11D3-BF4B-00C04F79EFBC}") = "Should.Core", "Should.Core\Should.Core.csproj", "{984764C1-D102-43AD-8DE9-0AA3B7E5D431}"
EndProject
Project("{FAE04EC0-301F-11D3-BF4B-00C04F79EFBC}") = "Should.Facts", "should.Facts\Should.Facts.csproj", "{9C18BFAC-56DB-43BD-A6D2-1DDB19286961}"
EndProject
Project("{2150E333-8FDC-42A3-9474-1A3956D46DE8}") = ".Net35", ".Net35", "{A54AF44E-24FA-49FC-A658-FEC19AA69A2D}"
EndProject
Project("{2150E333-8FDC-42A3-9474-1A3956D46DE8}") = ".Net40", ".Net40", "{3D58B180-6D0E-4792-9C73-8E68ADBBD9CE}"
EndProject
Project("{FAE04EC0-301F-11D3-BF4B-00C04F79EFBC}") = "Should.Core-Net40", "Should.Core\Should.Core-Net40.csproj", "{EA66C8B4-A36E-421A-A03E-8A09FE6358CC}"
EndProject
Project("{FAE04EC0-301F-11D3-BF4B-00C04F79EFBC}") = "Should.Fluent-Net40", "Should.Fluent\Should.Fluent-Net40.csproj", "{38427DC8-A1FD-4444-9A40-FEA1BCDBA9C7}"
EndProject
Project("{FAE04EC0-301F-11D3-BF4B-00C04F79EFBC}") = "Should-Net40", "should\Should-Net40.csproj", "{CF85EED2-74F3-4E60-BAB5-B8171BBB91DE}"
EndProject
Project("{2150E333-8FDC-42A3-9474-1A3956D46DE8}") = "netCore451", "netCore451", "{022B8FB6-7748-40B0-A285-DCD6419B604C}"
EndProject
Project("{FAE04EC0-301F-11D3-BF4B-00C04F79EFBC}") = "Should-netCore451", "should\Should-netCore451.csproj", "{138ABD63-5385-47F2-8119-889DBD3EBC4F}"
EndProject
Project("{FAE04EC0-301F-11D3-BF4B-00C04F79EFBC}") = "Should.Core-netCore451", "Should.Core\Should.Core-netCore451.csproj", "{EE999BEF-0C37-4733-81A7-5739EBFEFCE3}"
EndProject
Project("{FAE04EC0-301F-11D3-BF4B-00C04F79EFBC}") = "Should.Fluent-netCore451", "Should.Fluent\Should.Fluent-netCore451.csproj", "{875D7C4E-0004-4512-80D4-F88DC9568381}"
EndProject
Global
	GlobalSection(SolutionConfigurationPlatforms) = preSolution
		Debug|Any CPU = Debug|Any CPU
		Debug|ARM = Debug|ARM
		Debug|x64 = Debug|x64
		Debug|x86 = Debug|x86
		Release|Any CPU = Release|Any CPU
		Release|ARM = Release|ARM
		Release|x64 = Release|x64
		Release|x86 = Release|x86
	EndGlobalSection
	GlobalSection(ProjectConfigurationPlatforms) = postSolution
		{5606A23D-EBDA-4563-B303-F19CEFE9EC32}.Debug|Any CPU.ActiveCfg = Debug|Any CPU
		{5606A23D-EBDA-4563-B303-F19CEFE9EC32}.Debug|Any CPU.Build.0 = Debug|Any CPU
		{5606A23D-EBDA-4563-B303-F19CEFE9EC32}.Debug|ARM.ActiveCfg = Debug|Any CPU
		{5606A23D-EBDA-4563-B303-F19CEFE9EC32}.Debug|ARM.Build.0 = Debug|Any CPU
		{5606A23D-EBDA-4563-B303-F19CEFE9EC32}.Debug|x64.ActiveCfg = Debug|Any CPU
		{5606A23D-EBDA-4563-B303-F19CEFE9EC32}.Debug|x64.Build.0 = Debug|Any CPU
		{5606A23D-EBDA-4563-B303-F19CEFE9EC32}.Debug|x86.ActiveCfg = Debug|Any CPU
		{5606A23D-EBDA-4563-B303-F19CEFE9EC32}.Debug|x86.Build.0 = Debug|Any CPU
		{5606A23D-EBDA-4563-B303-F19CEFE9EC32}.Release|Any CPU.ActiveCfg = Release|Any CPU
		{5606A23D-EBDA-4563-B303-F19CEFE9EC32}.Release|Any CPU.Build.0 = Release|Any CPU
		{5606A23D-EBDA-4563-B303-F19CEFE9EC32}.Release|ARM.ActiveCfg = Release|Any CPU
		{5606A23D-EBDA-4563-B303-F19CEFE9EC32}.Release|ARM.Build.0 = Release|Any CPU
		{5606A23D-EBDA-4563-B303-F19CEFE9EC32}.Release|x64.ActiveCfg = Release|Any CPU
		{5606A23D-EBDA-4563-B303-F19CEFE9EC32}.Release|x64.Build.0 = Release|Any CPU
		{5606A23D-EBDA-4563-B303-F19CEFE9EC32}.Release|x86.ActiveCfg = Release|Any CPU
		{5606A23D-EBDA-4563-B303-F19CEFE9EC32}.Release|x86.Build.0 = Release|Any CPU
		{20743DBF-AEF5-464B-9C9B-8109AD43AA5A}.Debug|Any CPU.ActiveCfg = Debug|Any CPU
		{20743DBF-AEF5-464B-9C9B-8109AD43AA5A}.Debug|Any CPU.Build.0 = Debug|Any CPU
		{20743DBF-AEF5-464B-9C9B-8109AD43AA5A}.Debug|ARM.ActiveCfg = Debug|Any CPU
		{20743DBF-AEF5-464B-9C9B-8109AD43AA5A}.Debug|ARM.Build.0 = Debug|Any CPU
		{20743DBF-AEF5-464B-9C9B-8109AD43AA5A}.Debug|x64.ActiveCfg = Debug|Any CPU
		{20743DBF-AEF5-464B-9C9B-8109AD43AA5A}.Debug|x64.Build.0 = Debug|Any CPU
		{20743DBF-AEF5-464B-9C9B-8109AD43AA5A}.Debug|x86.ActiveCfg = Debug|Any CPU
		{20743DBF-AEF5-464B-9C9B-8109AD43AA5A}.Debug|x86.Build.0 = Debug|Any CPU
		{20743DBF-AEF5-464B-9C9B-8109AD43AA5A}.Release|Any CPU.ActiveCfg = Release|Any CPU
		{20743DBF-AEF5-464B-9C9B-8109AD43AA5A}.Release|Any CPU.Build.0 = Release|Any CPU
		{20743DBF-AEF5-464B-9C9B-8109AD43AA5A}.Release|ARM.ActiveCfg = Release|Any CPU
		{20743DBF-AEF5-464B-9C9B-8109AD43AA5A}.Release|ARM.Build.0 = Release|Any CPU
		{20743DBF-AEF5-464B-9C9B-8109AD43AA5A}.Release|x64.ActiveCfg = Release|Any CPU
		{20743DBF-AEF5-464B-9C9B-8109AD43AA5A}.Release|x64.Build.0 = Release|Any CPU
		{20743DBF-AEF5-464B-9C9B-8109AD43AA5A}.Release|x86.ActiveCfg = Release|Any CPU
		{20743DBF-AEF5-464B-9C9B-8109AD43AA5A}.Release|x86.Build.0 = Release|Any CPU
		{A2973D4C-660C-42C8-A610-3B69170B6932}.Debug|Any CPU.ActiveCfg = Debug|Any CPU
		{A2973D4C-660C-42C8-A610-3B69170B6932}.Debug|Any CPU.Build.0 = Debug|Any CPU
		{A2973D4C-660C-42C8-A610-3B69170B6932}.Debug|ARM.ActiveCfg = Debug|Any CPU
		{A2973D4C-660C-42C8-A610-3B69170B6932}.Debug|ARM.Build.0 = Debug|Any CPU
		{A2973D4C-660C-42C8-A610-3B69170B6932}.Debug|x64.ActiveCfg = Debug|Any CPU
		{A2973D4C-660C-42C8-A610-3B69170B6932}.Debug|x64.Build.0 = Debug|Any CPU
		{A2973D4C-660C-42C8-A610-3B69170B6932}.Debug|x86.ActiveCfg = Debug|Any CPU
		{A2973D4C-660C-42C8-A610-3B69170B6932}.Debug|x86.Build.0 = Debug|Any CPU
		{A2973D4C-660C-42C8-A610-3B69170B6932}.Release|Any CPU.ActiveCfg = Release|Any CPU
		{A2973D4C-660C-42C8-A610-3B69170B6932}.Release|Any CPU.Build.0 = Release|Any CPU
		{A2973D4C-660C-42C8-A610-3B69170B6932}.Release|ARM.ActiveCfg = Release|Any CPU
		{A2973D4C-660C-42C8-A610-3B69170B6932}.Release|ARM.Build.0 = Release|Any CPU
		{A2973D4C-660C-42C8-A610-3B69170B6932}.Release|x64.ActiveCfg = Release|Any CPU
		{A2973D4C-660C-42C8-A610-3B69170B6932}.Release|x64.Build.0 = Release|Any CPU
		{A2973D4C-660C-42C8-A610-3B69170B6932}.Release|x86.ActiveCfg = Release|Any CPU
		{A2973D4C-660C-42C8-A610-3B69170B6932}.Release|x86.Build.0 = Release|Any CPU
		{984764C1-D102-43AD-8DE9-0AA3B7E5D431}.Debug|Any CPU.ActiveCfg = Debug|Any CPU
		{984764C1-D102-43AD-8DE9-0AA3B7E5D431}.Debug|Any CPU.Build.0 = Debug|Any CPU
		{984764C1-D102-43AD-8DE9-0AA3B7E5D431}.Debug|ARM.ActiveCfg = Debug|Any CPU
		{984764C1-D102-43AD-8DE9-0AA3B7E5D431}.Debug|ARM.Build.0 = Debug|Any CPU
		{984764C1-D102-43AD-8DE9-0AA3B7E5D431}.Debug|x64.ActiveCfg = Debug|Any CPU
		{984764C1-D102-43AD-8DE9-0AA3B7E5D431}.Debug|x64.Build.0 = Debug|Any CPU
		{984764C1-D102-43AD-8DE9-0AA3B7E5D431}.Debug|x86.ActiveCfg = Debug|Any CPU
		{984764C1-D102-43AD-8DE9-0AA3B7E5D431}.Debug|x86.Build.0 = Debug|Any CPU
		{984764C1-D102-43AD-8DE9-0AA3B7E5D431}.Release|Any CPU.ActiveCfg = Release|Any CPU
		{984764C1-D102-43AD-8DE9-0AA3B7E5D431}.Release|Any CPU.Build.0 = Release|Any CPU
		{984764C1-D102-43AD-8DE9-0AA3B7E5D431}.Release|ARM.ActiveCfg = Release|Any CPU
		{984764C1-D102-43AD-8DE9-0AA3B7E5D431}.Release|ARM.Build.0 = Release|Any CPU
		{984764C1-D102-43AD-8DE9-0AA3B7E5D431}.Release|x64.ActiveCfg = Release|Any CPU
		{984764C1-D102-43AD-8DE9-0AA3B7E5D431}.Release|x64.Build.0 = Release|Any CPU
		{984764C1-D102-43AD-8DE9-0AA3B7E5D431}.Release|x86.ActiveCfg = Release|Any CPU
		{984764C1-D102-43AD-8DE9-0AA3B7E5D431}.Release|x86.Build.0 = Release|Any CPU
		{9C18BFAC-56DB-43BD-A6D2-1DDB19286961}.Debug|Any CPU.ActiveCfg = Debug|Any CPU
		{9C18BFAC-56DB-43BD-A6D2-1DDB19286961}.Debug|Any CPU.Build.0 = Debug|Any CPU
		{9C18BFAC-56DB-43BD-A6D2-1DDB19286961}.Debug|ARM.ActiveCfg = Debug|Any CPU
		{9C18BFAC-56DB-43BD-A6D2-1DDB19286961}.Debug|ARM.Build.0 = Debug|Any CPU
		{9C18BFAC-56DB-43BD-A6D2-1DDB19286961}.Debug|x64.ActiveCfg = Debug|Any CPU
		{9C18BFAC-56DB-43BD-A6D2-1DDB19286961}.Debug|x64.Build.0 = Debug|Any CPU
		{9C18BFAC-56DB-43BD-A6D2-1DDB19286961}.Debug|x86.ActiveCfg = Debug|Any CPU
		{9C18BFAC-56DB-43BD-A6D2-1DDB19286961}.Debug|x86.Build.0 = Debug|Any CPU
		{9C18BFAC-56DB-43BD-A6D2-1DDB19286961}.Release|Any CPU.ActiveCfg = Release|Any CPU
		{9C18BFAC-56DB-43BD-A6D2-1DDB19286961}.Release|Any CPU.Build.0 = Release|Any CPU
		{9C18BFAC-56DB-43BD-A6D2-1DDB19286961}.Release|ARM.ActiveCfg = Release|Any CPU
		{9C18BFAC-56DB-43BD-A6D2-1DDB19286961}.Release|ARM.Build.0 = Release|Any CPU
		{9C18BFAC-56DB-43BD-A6D2-1DDB19286961}.Release|x64.ActiveCfg = Release|Any CPU
		{9C18BFAC-56DB-43BD-A6D2-1DDB19286961}.Release|x64.Build.0 = Release|Any CPU
		{9C18BFAC-56DB-43BD-A6D2-1DDB19286961}.Release|x86.ActiveCfg = Release|Any CPU
		{9C18BFAC-56DB-43BD-A6D2-1DDB19286961}.Release|x86.Build.0 = Release|Any CPU
		{EA66C8B4-A36E-421A-A03E-8A09FE6358CC}.Debug|Any CPU.ActiveCfg = Debug|Any CPU
		{EA66C8B4-A36E-421A-A03E-8A09FE6358CC}.Debug|Any CPU.Build.0 = Debug|Any CPU
		{EA66C8B4-A36E-421A-A03E-8A09FE6358CC}.Debug|ARM.ActiveCfg = Debug|Any CPU
		{EA66C8B4-A36E-421A-A03E-8A09FE6358CC}.Debug|ARM.Build.0 = Debug|Any CPU
		{EA66C8B4-A36E-421A-A03E-8A09FE6358CC}.Debug|x64.ActiveCfg = Debug|Any CPU
		{EA66C8B4-A36E-421A-A03E-8A09FE6358CC}.Debug|x64.Build.0 = Debug|Any CPU
		{EA66C8B4-A36E-421A-A03E-8A09FE6358CC}.Debug|x86.ActiveCfg = Debug|Any CPU
		{EA66C8B4-A36E-421A-A03E-8A09FE6358CC}.Debug|x86.Build.0 = Debug|Any CPU
		{EA66C8B4-A36E-421A-A03E-8A09FE6358CC}.Release|Any CPU.ActiveCfg = Release|Any CPU
		{EA66C8B4-A36E-421A-A03E-8A09FE6358CC}.Release|Any CPU.Build.0 = Release|Any CPU
		{EA66C8B4-A36E-421A-A03E-8A09FE6358CC}.Release|ARM.ActiveCfg = Release|Any CPU
		{EA66C8B4-A36E-421A-A03E-8A09FE6358CC}.Release|ARM.Build.0 = Release|Any CPU
		{EA66C8B4-A36E-421A-A03E-8A09FE6358CC}.Release|x64.ActiveCfg = Release|Any CPU
		{EA66C8B4-A36E-421A-A03E-8A09FE6358CC}.Release|x64.Build.0 = Release|Any CPU
		{EA66C8B4-A36E-421A-A03E-8A09FE6358CC}.Release|x86.ActiveCfg = Release|Any CPU
		{EA66C8B4-A36E-421A-A03E-8A09FE6358CC}.Release|x86.Build.0 = Release|Any CPU
		{38427DC8-A1FD-4444-9A40-FEA1BCDBA9C7}.Debug|Any CPU.ActiveCfg = Debug|Any CPU
		{38427DC8-A1FD-4444-9A40-FEA1BCDBA9C7}.Debug|Any CPU.Build.0 = Debug|Any CPU
		{38427DC8-A1FD-4444-9A40-FEA1BCDBA9C7}.Debug|ARM.ActiveCfg = Debug|Any CPU
		{38427DC8-A1FD-4444-9A40-FEA1BCDBA9C7}.Debug|ARM.Build.0 = Debug|Any CPU
		{38427DC8-A1FD-4444-9A40-FEA1BCDBA9C7}.Debug|x64.ActiveCfg = Debug|Any CPU
		{38427DC8-A1FD-4444-9A40-FEA1BCDBA9C7}.Debug|x64.Build.0 = Debug|Any CPU
		{38427DC8-A1FD-4444-9A40-FEA1BCDBA9C7}.Debug|x86.ActiveCfg = Debug|Any CPU
		{38427DC8-A1FD-4444-9A40-FEA1BCDBA9C7}.Debug|x86.Build.0 = Debug|Any CPU
		{38427DC8-A1FD-4444-9A40-FEA1BCDBA9C7}.Release|Any CPU.ActiveCfg = Release|Any CPU
		{38427DC8-A1FD-4444-9A40-FEA1BCDBA9C7}.Release|Any CPU.Build.0 = Release|Any CPU
		{38427DC8-A1FD-4444-9A40-FEA1BCDBA9C7}.Release|ARM.ActiveCfg = Release|Any CPU
		{38427DC8-A1FD-4444-9A40-FEA1BCDBA9C7}.Release|ARM.Build.0 = Release|Any CPU
		{38427DC8-A1FD-4444-9A40-FEA1BCDBA9C7}.Release|x64.ActiveCfg = Release|Any CPU
		{38427DC8-A1FD-4444-9A40-FEA1BCDBA9C7}.Release|x64.Build.0 = Release|Any CPU
		{38427DC8-A1FD-4444-9A40-FEA1BCDBA9C7}.Release|x86.ActiveCfg = Release|Any CPU
		{38427DC8-A1FD-4444-9A40-FEA1BCDBA9C7}.Release|x86.Build.0 = Release|Any CPU
		{CF85EED2-74F3-4E60-BAB5-B8171BBB91DE}.Debug|Any CPU.ActiveCfg = Debug|Any CPU
		{CF85EED2-74F3-4E60-BAB5-B8171BBB91DE}.Debug|Any CPU.Build.0 = Debug|Any CPU
		{CF85EED2-74F3-4E60-BAB5-B8171BBB91DE}.Debug|ARM.ActiveCfg = Debug|Any CPU
		{CF85EED2-74F3-4E60-BAB5-B8171BBB91DE}.Debug|ARM.Build.0 = Debug|Any CPU
		{CF85EED2-74F3-4E60-BAB5-B8171BBB91DE}.Debug|x64.ActiveCfg = Debug|Any CPU
		{CF85EED2-74F3-4E60-BAB5-B8171BBB91DE}.Debug|x64.Build.0 = Debug|Any CPU
		{CF85EED2-74F3-4E60-BAB5-B8171BBB91DE}.Debug|x86.ActiveCfg = Debug|Any CPU
		{CF85EED2-74F3-4E60-BAB5-B8171BBB91DE}.Debug|x86.Build.0 = Debug|Any CPU
		{CF85EED2-74F3-4E60-BAB5-B8171BBB91DE}.Release|Any CPU.ActiveCfg = Release|Any CPU
		{CF85EED2-74F3-4E60-BAB5-B8171BBB91DE}.Release|Any CPU.Build.0 = Release|Any CPU
		{CF85EED2-74F3-4E60-BAB5-B8171BBB91DE}.Release|ARM.ActiveCfg = Release|Any CPU
		{CF85EED2-74F3-4E60-BAB5-B8171BBB91DE}.Release|ARM.Build.0 = Release|Any CPU
		{CF85EED2-74F3-4E60-BAB5-B8171BBB91DE}.Release|x64.ActiveCfg = Release|Any CPU
		{CF85EED2-74F3-4E60-BAB5-B8171BBB91DE}.Release|x64.Build.0 = Release|Any CPU
		{CF85EED2-74F3-4E60-BAB5-B8171BBB91DE}.Release|x86.ActiveCfg = Release|Any CPU
		{CF85EED2-74F3-4E60-BAB5-B8171BBB91DE}.Release|x86.Build.0 = Release|Any CPU
		{138ABD63-5385-47F2-8119-889DBD3EBC4F}.Debug|Any CPU.ActiveCfg = Debug|Any CPU
		{138ABD63-5385-47F2-8119-889DBD3EBC4F}.Debug|Any CPU.Build.0 = Debug|Any CPU
		{138ABD63-5385-47F2-8119-889DBD3EBC4F}.Debug|ARM.ActiveCfg = Debug|ARM
		{138ABD63-5385-47F2-8119-889DBD3EBC4F}.Debug|ARM.Build.0 = Debug|ARM
		{138ABD63-5385-47F2-8119-889DBD3EBC4F}.Debug|x64.ActiveCfg = Debug|x64
		{138ABD63-5385-47F2-8119-889DBD3EBC4F}.Debug|x64.Build.0 = Debug|x64
		{138ABD63-5385-47F2-8119-889DBD3EBC4F}.Debug|x86.ActiveCfg = Debug|x86
		{138ABD63-5385-47F2-8119-889DBD3EBC4F}.Debug|x86.Build.0 = Debug|x86
		{138ABD63-5385-47F2-8119-889DBD3EBC4F}.Release|Any CPU.ActiveCfg = Release|Any CPU
		{138ABD63-5385-47F2-8119-889DBD3EBC4F}.Release|Any CPU.Build.0 = Release|Any CPU
		{138ABD63-5385-47F2-8119-889DBD3EBC4F}.Release|ARM.ActiveCfg = Release|ARM
		{138ABD63-5385-47F2-8119-889DBD3EBC4F}.Release|ARM.Build.0 = Release|ARM
		{138ABD63-5385-47F2-8119-889DBD3EBC4F}.Release|x64.ActiveCfg = Release|x64
		{138ABD63-5385-47F2-8119-889DBD3EBC4F}.Release|x64.Build.0 = Release|x64
		{138ABD63-5385-47F2-8119-889DBD3EBC4F}.Release|x86.ActiveCfg = Release|x86
		{138ABD63-5385-47F2-8119-889DBD3EBC4F}.Release|x86.Build.0 = Release|x86
		{EE999BEF-0C37-4733-81A7-5739EBFEFCE3}.Debug|Any CPU.ActiveCfg = Debug|Any CPU
		{EE999BEF-0C37-4733-81A7-5739EBFEFCE3}.Debug|Any CPU.Build.0 = Debug|Any CPU
		{EE999BEF-0C37-4733-81A7-5739EBFEFCE3}.Debug|ARM.ActiveCfg = Debug|ARM
		{EE999BEF-0C37-4733-81A7-5739EBFEFCE3}.Debug|ARM.Build.0 = Debug|ARM
		{EE999BEF-0C37-4733-81A7-5739EBFEFCE3}.Debug|x64.ActiveCfg = Debug|x64
		{EE999BEF-0C37-4733-81A7-5739EBFEFCE3}.Debug|x64.Build.0 = Debug|x64
		{EE999BEF-0C37-4733-81A7-5739EBFEFCE3}.Debug|x86.ActiveCfg = Debug|x86
		{EE999BEF-0C37-4733-81A7-5739EBFEFCE3}.Debug|x86.Build.0 = Debug|x86
		{EE999BEF-0C37-4733-81A7-5739EBFEFCE3}.Release|Any CPU.ActiveCfg = Release|Any CPU
		{EE999BEF-0C37-4733-81A7-5739EBFEFCE3}.Release|Any CPU.Build.0 = Release|Any CPU
		{EE999BEF-0C37-4733-81A7-5739EBFEFCE3}.Release|ARM.ActiveCfg = Release|ARM
		{EE999BEF-0C37-4733-81A7-5739EBFEFCE3}.Release|ARM.Build.0 = Release|ARM
		{EE999BEF-0C37-4733-81A7-5739EBFEFCE3}.Release|x64.ActiveCfg = Release|x64
		{EE999BEF-0C37-4733-81A7-5739EBFEFCE3}.Release|x64.Build.0 = Release|x64
		{EE999BEF-0C37-4733-81A7-5739EBFEFCE3}.Release|x86.ActiveCfg = Release|x86
		{EE999BEF-0C37-4733-81A7-5739EBFEFCE3}.Release|x86.Build.0 = Release|x86
		{875D7C4E-0004-4512-80D4-F88DC9568381}.Debug|Any CPU.ActiveCfg = Debug|Any CPU
		{875D7C4E-0004-4512-80D4-F88DC9568381}.Debug|Any CPU.Build.0 = Debug|Any CPU
		{875D7C4E-0004-4512-80D4-F88DC9568381}.Debug|ARM.ActiveCfg = Debug|ARM
		{875D7C4E-0004-4512-80D4-F88DC9568381}.Debug|ARM.Build.0 = Debug|ARM
		{875D7C4E-0004-4512-80D4-F88DC9568381}.Debug|x64.ActiveCfg = Debug|x64
		{875D7C4E-0004-4512-80D4-F88DC9568381}.Debug|x64.Build.0 = Debug|x64
		{875D7C4E-0004-4512-80D4-F88DC9568381}.Debug|x86.ActiveCfg = Debug|x86
		{875D7C4E-0004-4512-80D4-F88DC9568381}.Debug|x86.Build.0 = Debug|x86
		{875D7C4E-0004-4512-80D4-F88DC9568381}.Release|Any CPU.ActiveCfg = Release|Any CPU
		{875D7C4E-0004-4512-80D4-F88DC9568381}.Release|Any CPU.Build.0 = Release|Any CPU
		{875D7C4E-0004-4512-80D4-F88DC9568381}.Release|ARM.ActiveCfg = Release|ARM
		{875D7C4E-0004-4512-80D4-F88DC9568381}.Release|ARM.Build.0 = Release|ARM
		{875D7C4E-0004-4512-80D4-F88DC9568381}.Release|x64.ActiveCfg = Release|x64
		{875D7C4E-0004-4512-80D4-F88DC9568381}.Release|x64.Build.0 = Release|x64
		{875D7C4E-0004-4512-80D4-F88DC9568381}.Release|x86.ActiveCfg = Release|x86
		{875D7C4E-0004-4512-80D4-F88DC9568381}.Release|x86.Build.0 = Release|x86
	EndGlobalSection
	GlobalSection(SolutionProperties) = preSolution
		HideSolutionNode = FALSE
	EndGlobalSection
	GlobalSection(NestedProjects) = preSolution
		{5606A23D-EBDA-4563-B303-F19CEFE9EC32} = {A54AF44E-24FA-49FC-A658-FEC19AA69A2D}
		{20743DBF-AEF5-464B-9C9B-8109AD43AA5A} = {A54AF44E-24FA-49FC-A658-FEC19AA69A2D}
		{A2973D4C-660C-42C8-A610-3B69170B6932} = {724F85B0-4E93-46D4-AD51-D04C54139498}
		{984764C1-D102-43AD-8DE9-0AA3B7E5D431} = {A54AF44E-24FA-49FC-A658-FEC19AA69A2D}
		{9C18BFAC-56DB-43BD-A6D2-1DDB19286961} = {724F85B0-4E93-46D4-AD51-D04C54139498}
		{EA66C8B4-A36E-421A-A03E-8A09FE6358CC} = {3D58B180-6D0E-4792-9C73-8E68ADBBD9CE}
		{38427DC8-A1FD-4444-9A40-FEA1BCDBA9C7} = {3D58B180-6D0E-4792-9C73-8E68ADBBD9CE}
		{CF85EED2-74F3-4E60-BAB5-B8171BBB91DE} = {3D58B180-6D0E-4792-9C73-8E68ADBBD9CE}
		{138ABD63-5385-47F2-8119-889DBD3EBC4F} = {022B8FB6-7748-40B0-A285-DCD6419B604C}
		{EE999BEF-0C37-4733-81A7-5739EBFEFCE3} = {022B8FB6-7748-40B0-A285-DCD6419B604C}
		{875D7C4E-0004-4512-80D4-F88DC9568381} = {022B8FB6-7748-40B0-A285-DCD6419B604C}
	EndGlobalSection
EndGlobal
