
Microsoft Visual Studio Solution File, Format Version 12.00
Project("{2150E333-8FDC-42A3-9474-1A3956D46DE8}") = "Tests", "Tests", "{724F85B0-4E93-46D4-AD51-D04C54139498}"
EndProject
Project("{FAE04EC0-301F-11D3-BF4B-00C04F79EFBC}") = "Should", "should\Should.csproj", "{5606A23D-EBDA-4563-B303-F19CEFE9EC32}"
EndProject
Project("{FAE04EC0-301F-11D3-BF4B-00C04F79EFBC}") = "Should.Fluent", "Should.Fluent\Should.Fluent.csproj", "{20743DBF-AEF5-464B-9C9B-8109AD43AA5A}"
EndProject
Project("{FAE04EC0-301F-11D3-BF4B-00C04F79EFBC}") = "Should.Fluent.UnitTests", "Should.Fluent.UnitTests\Should.Fluent.UnitTests.csproj", "{A2973D4C-660C-42C8-A610-3B69170B6932}"
EndProject
Project("{FAE04EC0-301F-11D3-BF4B-00C04F79EFBC}") = "Should.Core", "Should.Core\Should.Core.csproj", "{984764C1-D102-43AD-8DE9-0AA3B7E5D431}"
EndProject
Project("{FAE04EC0-301F-11D3-BF4B-00C04F79EFBC}") = "Should.Facts", "should.Facts\Should.Facts.csproj", "{9C18BFAC-56DB-43BD-A6D2-1DDB19286961}"
EndProject
Global
	GlobalSection(SolutionConfigurationPlatforms) = preSolution
		Debug|Any CPU = Debug|Any CPU
		Release|Any CPU = Release|Any CPU
	EndGlobalSection
	GlobalSection(ProjectConfigurationPlatforms) = postSolution
		{5606A23D-EBDA-4563-B303-F19CEFE9EC32}.Debug|Any CPU.ActiveCfg = Debug|Any CPU
		{5606A23D-EBDA-4563-B303-F19CEFE9EC32}.Debug|Any CPU.Build.0 = Debug|Any CPU
		{5606A23D-EBDA-4563-B303-F19CEFE9EC32}.Release|Any CPU.ActiveCfg = Release|Any CPU
		{5606A23D-EBDA-4563-B303-F19CEFE9EC32}.Release|Any CPU.Build.0 = Release|Any CPU
		{20743DBF-AEF5-464B-9C9B-8109AD43AA5A}.Debug|Any CPU.ActiveCfg = Debug|Any CPU
		{20743DBF-AEF5-464B-9C9B-8109AD43AA5A}.Debug|Any CPU.Build.0 = Debug|Any CPU
		{20743DBF-AEF5-464B-9C9B-8109AD43AA5A}.Release|Any CPU.ActiveCfg = Release|Any CPU
		{20743DBF-AEF5-464B-9C9B-8109AD43AA5A}.Release|Any CPU.Build.0 = Release|Any CPU
		{A2973D4C-660C-42C8-A610-3B69170B6932}.Debug|Any CPU.ActiveCfg = Debug|Any CPU
		{A2973D4C-660C-42C8-A610-3B69170B6932}.Debug|Any CPU.Build.0 = Debug|Any CPU
		{A2973D4C-660C-42C8-A610-3B69170B6932}.Release|Any CPU.ActiveCfg = Release|Any CPU
		{A2973D4C-660C-42C8-A610-3B69170B6932}.Release|Any CPU.Build.0 = Release|Any CPU
		{984764C1-D102-43AD-8DE9-0AA3B7E5D431}.Debug|Any CPU.ActiveCfg = Debug|Any CPU
		{984764C1-D102-43AD-8DE9-0AA3B7E5D431}.Debug|Any CPU.Build.0 = Debug|Any CPU
		{984764C1-D102-43AD-8DE9-0AA3B7E5D431}.Release|Any CPU.ActiveCfg = Release|Any CPU
		{984764C1-D102-43AD-8DE9-0AA3B7E5D431}.Release|Any CPU.Build.0 = Release|Any CPU
		{9C18BFAC-56DB-43BD-A6D2-1DDB19286961}.Debug|Any CPU.ActiveCfg = Debug|Any CPU
		{9C18BFAC-56DB-43BD-A6D2-1DDB19286961}.Debug|Any CPU.Build.0 = Debug|Any CPU
		{9C18BFAC-56DB-43BD-A6D2-1DDB19286961}.Release|Any CPU.ActiveCfg = Release|Any CPU
		{9C18BFAC-56DB-43BD-A6D2-1DDB19286961}.Release|Any CPU.Build.0 = Release|Any CPU
	EndGlobalSection
	GlobalSection(SolutionProperties) = preSolution
		HideSolutionNode = FALSE
	EndGlobalSection
	GlobalSection(NestedProjects) = preSolution
		{A2973D4C-660C-42C8-A610-3B69170B6932} = {724F85B0-4E93-46D4-AD51-D04C54139498}
		{9C18BFAC-56DB-43BD-A6D2-1DDB19286961} = {724F85B0-4E93-46D4-AD51-D04C54139498}
	EndGlobalSection
EndGlobal
