
Microsoft Visual Studio Solution File, Format Version 12.00
# Visual Studio 14
VisualStudioVersion = 14.0.25123.0
MinimumVisualStudioVersion = 10.0.40219.1
Project("{2150E333-8FDC-42A3-9474-1A3956D46DE8}") = "Tests", "Tests", "{724F85B0-4E93-46D4-AD51-D04C54139498}"
EndProject
Project("{D954291E-2A0B-460D-934E-DC6B0785DB48}") = "Should.Core", "Should.Core\Should.Core.shproj", "{98A525E4-0F1C-43F4-A947-F3546C5771BF}"
EndProject
Project("{D954291E-2A0B-460D-934E-DC6B0785DB48}") = "Should", "should\Should.shproj", "{D44D056F-B8AB-4902-AD6D-3E38CF2D7044}"
EndProject
Project("{D954291E-2A0B-460D-934E-DC6B0785DB48}") = "Should.Fluent", "Should.Fluent\Should.Fluent.shproj", "{FC238BCE-9F69-4C4B-8D86-35816BAC10CB}"
EndProject
Project("{FAE04EC0-301F-11D3-BF4B-00C04F79EFBC}") = "Should-net35", "Should-net35\Should-net35.csproj", "{5606A23D-EBDA-4563-B303-F19CEFE9EC32}"
EndProject
Project("{FAE04EC0-301F-11D3-BF4B-00C04F79EFBC}") = "Should.Fluent-Net40", "Should.Fluent-net40\Should.Fluent-Net40.csproj", "{38427DC8-A1FD-4444-9A40-FEA1BCDBA9C7}"
EndProject
Project("{FAE04EC0-301F-11D3-BF4B-00C04F79EFBC}") = "Should.Fluent-net35", "Should.Fluent-net35\Should.Fluent-net35.csproj", "{20743DBF-AEF5-464B-9C9B-8109AD43AA5A}"
EndProject
Project("{FAE04EC0-301F-11D3-BF4B-00C04F79EFBC}") = "Should-Net40", "Should-net40\Should-Net40.csproj", "{CF85EED2-74F3-4E60-BAB5-B8171BBB91DE}"
EndProject
Project("{FAE04EC0-301F-11D3-BF4B-00C04F79EFBC}") = "Should.Fluent.UnitTests", "Should.Fluent.UnitTests\Should.Fluent.UnitTests.csproj", "{A2973D4C-660C-42C8-A610-3B69170B6932}"
EndProject
Project("{FAE04EC0-301F-11D3-BF4B-00C04F79EFBC}") = "Should.Facts", "should.Facts\Should.Facts.csproj", "{9C18BFAC-56DB-43BD-A6D2-1DDB19286961}"
EndProject
Project("{2150E333-8FDC-42A3-9474-1A3956D46DE8}") = "NuGet", "NuGet", "{217D407F-7183-476B-A15C-E0324A0800E5}"
EndProject
Project("{FAE04EC0-301F-11D3-BF4B-00C04F79EFBC}") = "Should.Fluent-netCore45", "Should.Fluent-netcore45\Should.Fluent-netCore45.csproj", "{875D7C4E-0004-4512-80D4-F88DC9568381}"
EndProject
Project("{FAE04EC0-301F-11D3-BF4B-00C04F79EFBC}") = "Should-netCore45", "Should-netcore45\Should-netCore45.csproj", "{138ABD63-5385-47F2-8119-889DBD3EBC4F}"
EndProject
Project("{FAE04EC0-301F-11D3-BF4B-00C04F79EFBC}") = "Should.Fluent.Packager", "Should.Fluent.Packager\Should.Fluent.Packager.csproj", "{E4601595-F656-49B5-8C58-393CCF6F5676}"
EndProject
Project("{FAE04EC0-301F-11D3-BF4B-00C04F79EFBC}") = "Should.Packager", "Should.Packager\Should.Packager.csproj", "{0451BAEF-DF2E-4B98-8644-94EE9415E389}"
EndProject
Project("{2150E333-8FDC-42A3-9474-1A3956D46DE8}") = "Build", "Build", "{C55E4617-88D5-496D-A9F5-2336A3124745}"
	ProjectSection(SolutionItems) = preProject
		CommonAssemblyInfo.cs = CommonAssemblyInfo.cs
		..\ms.build = ..\ms.build
	EndProjectSection
EndProject
Project("{2150E333-8FDC-42A3-9474-1A3956D46DE8}") = "Solution Items", "Solution Items", "{EA869D8D-834F-431A-ABB7-51901138DB71}"
	ProjectSection(SolutionItems) = preProject
		..\README.markdown = ..\README.markdown
	EndProjectSection
EndProject
Global
	GlobalSection(SharedMSBuildProjectFiles) = preSolution
		Should.Core\Should.Core.Shared.projitems*{cf85eed2-74f3-4e60-bab5-b8171bbb91de}*SharedItemsImports = 4
		should\Should.Shared.projitems*{cf85eed2-74f3-4e60-bab5-b8171bbb91de}*SharedItemsImports = 4
		Should.Core\Should.Core.Shared.projitems*{20743dbf-aef5-464b-9c9b-8109ad43aa5a}*SharedItemsImports = 4
		Should.Fluent\Should.Fluent.Shared.projitems*{20743dbf-aef5-464b-9c9b-8109ad43aa5a}*SharedItemsImports = 4
		Should.Core\Should.Core.Shared.projitems*{5606a23d-ebda-4563-b303-f19cefe9ec32}*SharedItemsImports = 4
		should\Should.Shared.projitems*{5606a23d-ebda-4563-b303-f19cefe9ec32}*SharedItemsImports = 4
		should\Should.Shared.projitems*{d44d056f-b8ab-4902-ad6d-3e38cf2d7044}*SharedItemsImports = 13
		Should.Fluent\Should.Fluent.Shared.projitems*{fc238bce-9f69-4c4b-8d86-35816bac10cb}*SharedItemsImports = 13
		Should.Core\Should.Core.Shared.projitems*{98a525e4-0f1c-43f4-a947-f3546c5771bf}*SharedItemsImports = 13
		Should.Core\Should.Core.Shared.projitems*{38427dc8-a1fd-4444-9a40-fea1bcdba9c7}*SharedItemsImports = 4
		Should.Fluent\Should.Fluent.Shared.projitems*{38427dc8-a1fd-4444-9a40-fea1bcdba9c7}*SharedItemsImports = 4
		Should.Core\Should.Core.Shared.projitems*{875d7c4e-0004-4512-80d4-f88dc9568381}*SharedItemsImports = 4
		Should.Fluent\Should.Fluent.Shared.projitems*{875d7c4e-0004-4512-80d4-f88dc9568381}*SharedItemsImports = 4
	EndGlobalSection
	GlobalSection(SolutionConfigurationPlatforms) = preSolution
		Debug|Any CPU = Debug|Any CPU
		Debug|ARM = Debug|ARM
		Debug|x64 = Debug|x64
		Debug|x86 = Debug|x86
		Release|Any CPU = Release|Any CPU
		Release|ARM = Release|ARM
		Release|x64 = Release|x64
		Release|x86 = Release|x86
	EndGlobalSection
	GlobalSection(ProjectConfigurationPlatforms) = postSolution
		{5606A23D-EBDA-4563-B303-F19CEFE9EC32}.Debug|Any CPU.ActiveCfg = Debug|Any CPU
		{5606A23D-EBDA-4563-B303-F19CEFE9EC32}.Debug|Any CPU.Build.0 = Debug|Any CPU
		{5606A23D-EBDA-4563-B303-F19CEFE9EC32}.Debug|ARM.ActiveCfg = Debug|Any CPU
		{5606A23D-EBDA-4563-B303-F19CEFE9EC32}.Debug|ARM.Build.0 = Debug|Any CPU
		{5606A23D-EBDA-4563-B303-F19CEFE9EC32}.Debug|x64.ActiveCfg = Debug|Any CPU
		{5606A23D-EBDA-4563-B303-F19CEFE9EC32}.Debug|x64.Build.0 = Debug|Any CPU
		{5606A23D-EBDA-4563-B303-F19CEFE9EC32}.Debug|x86.ActiveCfg = Debug|Any CPU
		{5606A23D-EBDA-4563-B303-F19CEFE9EC32}.Debug|x86.Build.0 = Debug|Any CPU
		{5606A23D-EBDA-4563-B303-F19CEFE9EC32}.Release|Any CPU.ActiveCfg = Release|Any CPU
		{5606A23D-EBDA-4563-B303-F19CEFE9EC32}.Release|Any CPU.Build.0 = Release|Any CPU
		{5606A23D-EBDA-4563-B303-F19CEFE9EC32}.Release|ARM.ActiveCfg = Release|Any CPU
		{5606A23D-EBDA-4563-B303-F19CEFE9EC32}.Release|ARM.Build.0 = Release|Any CPU
		{5606A23D-EBDA-4563-B303-F19CEFE9EC32}.Release|x64.ActiveCfg = Release|Any CPU
		{5606A23D-EBDA-4563-B303-F19CEFE9EC32}.Release|x64.Build.0 = Release|Any CPU
		{5606A23D-EBDA-4563-B303-F19CEFE9EC32}.Release|x86.ActiveCfg = Release|Any CPU
		{5606A23D-EBDA-4563-B303-F19CEFE9EC32}.Release|x86.Build.0 = Release|Any CPU
		{38427DC8-A1FD-4444-9A40-FEA1BCDBA9C7}.Debug|Any CPU.ActiveCfg = Debug|Any CPU
		{38427DC8-A1FD-4444-9A40-FEA1BCDBA9C7}.Debug|Any CPU.Build.0 = Debug|Any CPU
		{38427DC8-A1FD-4444-9A40-FEA1BCDBA9C7}.Debug|ARM.ActiveCfg = Debug|Any CPU
		{38427DC8-A1FD-4444-9A40-FEA1BCDBA9C7}.Debug|ARM.Build.0 = Debug|Any CPU
		{38427DC8-A1FD-4444-9A40-FEA1BCDBA9C7}.Debug|x64.ActiveCfg = Debug|Any CPU
		{38427DC8-A1FD-4444-9A40-FEA1BCDBA9C7}.Debug|x64.Build.0 = Debug|Any CPU
		{38427DC8-A1FD-4444-9A40-FEA1BCDBA9C7}.Debug|x86.ActiveCfg = Debug|Any CPU
		{38427DC8-A1FD-4444-9A40-FEA1BCDBA9C7}.Debug|x86.Build.0 = Debug|Any CPU
		{38427DC8-A1FD-4444-9A40-FEA1BCDBA9C7}.Release|Any CPU.ActiveCfg = Release|Any CPU
		{38427DC8-A1FD-4444-9A40-FEA1BCDBA9C7}.Release|Any CPU.Build.0 = Release|Any CPU
		{38427DC8-A1FD-4444-9A40-FEA1BCDBA9C7}.Release|ARM.ActiveCfg = Release|Any CPU
		{38427DC8-A1FD-4444-9A40-FEA1BCDBA9C7}.Release|ARM.Build.0 = Release|Any CPU
		{38427DC8-A1FD-4444-9A40-FEA1BCDBA9C7}.Release|x64.ActiveCfg = Release|Any CPU
		{38427DC8-A1FD-4444-9A40-FEA1BCDBA9C7}.Release|x64.Build.0 = Release|Any CPU
		{38427DC8-A1FD-4444-9A40-FEA1BCDBA9C7}.Release|x86.ActiveCfg = Release|Any CPU
		{38427DC8-A1FD-4444-9A40-FEA1BCDBA9C7}.Release|x86.Build.0 = Release|Any CPU
		{20743DBF-AEF5-464B-9C9B-8109AD43AA5A}.Debug|Any CPU.ActiveCfg = Debug|Any CPU
		{20743DBF-AEF5-464B-9C9B-8109AD43AA5A}.Debug|Any CPU.Build.0 = Debug|Any CPU
		{20743DBF-AEF5-464B-9C9B-8109AD43AA5A}.Debug|ARM.ActiveCfg = Debug|Any CPU
		{20743DBF-AEF5-464B-9C9B-8109AD43AA5A}.Debug|ARM.Build.0 = Debug|Any CPU
		{20743DBF-AEF5-464B-9C9B-8109AD43AA5A}.Debug|x64.ActiveCfg = Debug|Any CPU
		{20743DBF-AEF5-464B-9C9B-8109AD43AA5A}.Debug|x64.Build.0 = Debug|Any CPU
		{20743DBF-AEF5-464B-9C9B-8109AD43AA5A}.Debug|x86.ActiveCfg = Debug|Any CPU
		{20743DBF-AEF5-464B-9C9B-8109AD43AA5A}.Debug|x86.Build.0 = Debug|Any CPU
		{20743DBF-AEF5-464B-9C9B-8109AD43AA5A}.Release|Any CPU.ActiveCfg = Release|Any CPU
		{20743DBF-AEF5-464B-9C9B-8109AD43AA5A}.Release|Any CPU.Build.0 = Release|Any CPU
		{20743DBF-AEF5-464B-9C9B-8109AD43AA5A}.Release|ARM.ActiveCfg = Release|Any CPU
		{20743DBF-AEF5-464B-9C9B-8109AD43AA5A}.Release|ARM.Build.0 = Release|Any CPU
		{20743DBF-AEF5-464B-9C9B-8109AD43AA5A}.Release|x64.ActiveCfg = Release|Any CPU
		{20743DBF-AEF5-464B-9C9B-8109AD43AA5A}.Release|x64.Build.0 = Release|Any CPU
		{20743DBF-AEF5-464B-9C9B-8109AD43AA5A}.Release|x86.ActiveCfg = Release|Any CPU
		{20743DBF-AEF5-464B-9C9B-8109AD43AA5A}.Release|x86.Build.0 = Release|Any CPU
		{CF85EED2-74F3-4E60-BAB5-B8171BBB91DE}.Debug|Any CPU.ActiveCfg = Debug|Any CPU
		{CF85EED2-74F3-4E60-BAB5-B8171BBB91DE}.Debug|Any CPU.Build.0 = Debug|Any CPU
		{CF85EED2-74F3-4E60-BAB5-B8171BBB91DE}.Debug|ARM.ActiveCfg = Debug|Any CPU
		{CF85EED2-74F3-4E60-BAB5-B8171BBB91DE}.Debug|ARM.Build.0 = Debug|Any CPU
		{CF85EED2-74F3-4E60-BAB5-B8171BBB91DE}.Debug|x64.ActiveCfg = Debug|Any CPU
		{CF85EED2-74F3-4E60-BAB5-B8171BBB91DE}.Debug|x64.Build.0 = Debug|Any CPU
		{CF85EED2-74F3-4E60-BAB5-B8171BBB91DE}.Debug|x86.ActiveCfg = Debug|Any CPU
		{CF85EED2-74F3-4E60-BAB5-B8171BBB91DE}.Debug|x86.Build.0 = Debug|Any CPU
		{CF85EED2-74F3-4E60-BAB5-B8171BBB91DE}.Release|Any CPU.ActiveCfg = Release|Any CPU
		{CF85EED2-74F3-4E60-BAB5-B8171BBB91DE}.Release|Any CPU.Build.0 = Release|Any CPU
		{CF85EED2-74F3-4E60-BAB5-B8171BBB91DE}.Release|ARM.ActiveCfg = Release|Any CPU
		{CF85EED2-74F3-4E60-BAB5-B8171BBB91DE}.Release|ARM.Build.0 = Release|Any CPU
		{CF85EED2-74F3-4E60-BAB5-B8171BBB91DE}.Release|x64.ActiveCfg = Release|Any CPU
		{CF85EED2-74F3-4E60-BAB5-B8171BBB91DE}.Release|x64.Build.0 = Release|Any CPU
		{CF85EED2-74F3-4E60-BAB5-B8171BBB91DE}.Release|x86.ActiveCfg = Release|Any CPU
		{CF85EED2-74F3-4E60-BAB5-B8171BBB91DE}.Release|x86.Build.0 = Release|Any CPU
		{A2973D4C-660C-42C8-A610-3B69170B6932}.Debug|Any CPU.ActiveCfg = Debug|Any CPU
		{A2973D4C-660C-42C8-A610-3B69170B6932}.Debug|Any CPU.Build.0 = Debug|Any CPU
		{A2973D4C-660C-42C8-A610-3B69170B6932}.Debug|ARM.ActiveCfg = Debug|Any CPU
		{A2973D4C-660C-42C8-A610-3B69170B6932}.Debug|ARM.Build.0 = Debug|Any CPU
		{A2973D4C-660C-42C8-A610-3B69170B6932}.Debug|x64.ActiveCfg = Debug|Any CPU
		{A2973D4C-660C-42C8-A610-3B69170B6932}.Debug|x64.Build.0 = Debug|Any CPU
		{A2973D4C-660C-42C8-A610-3B69170B6932}.Debug|x86.ActiveCfg = Debug|Any CPU
		{A2973D4C-660C-42C8-A610-3B69170B6932}.Debug|x86.Build.0 = Debug|Any CPU
		{A2973D4C-660C-42C8-A610-3B69170B6932}.Release|Any CPU.ActiveCfg = Release|Any CPU
		{A2973D4C-660C-42C8-A610-3B69170B6932}.Release|Any CPU.Build.0 = Release|Any CPU
		{A2973D4C-660C-42C8-A610-3B69170B6932}.Release|ARM.ActiveCfg = Release|Any CPU
		{A2973D4C-660C-42C8-A610-3B69170B6932}.Release|ARM.Build.0 = Release|Any CPU
		{A2973D4C-660C-42C8-A610-3B69170B6932}.Release|x64.ActiveCfg = Release|Any CPU
		{A2973D4C-660C-42C8-A610-3B69170B6932}.Release|x64.Build.0 = Release|Any CPU
		{A2973D4C-660C-42C8-A610-3B69170B6932}.Release|x86.ActiveCfg = Release|Any CPU
		{A2973D4C-660C-42C8-A610-3B69170B6932}.Release|x86.Build.0 = Release|Any CPU
		{9C18BFAC-56DB-43BD-A6D2-1DDB19286961}.Debug|Any CPU.ActiveCfg = Debug|Any CPU
		{9C18BFAC-56DB-43BD-A6D2-1DDB19286961}.Debug|Any CPU.Build.0 = Debug|Any CPU
		{9C18BFAC-56DB-43BD-A6D2-1DDB19286961}.Debug|ARM.ActiveCfg = Debug|Any CPU
		{9C18BFAC-56DB-43BD-A6D2-1DDB19286961}.Debug|ARM.Build.0 = Debug|Any CPU
		{9C18BFAC-56DB-43BD-A6D2-1DDB19286961}.Debug|x64.ActiveCfg = Debug|Any CPU
		{9C18BFAC-56DB-43BD-A6D2-1DDB19286961}.Debug|x64.Build.0 = Debug|Any CPU
		{9C18BFAC-56DB-43BD-A6D2-1DDB19286961}.Debug|x86.ActiveCfg = Debug|Any CPU
		{9C18BFAC-56DB-43BD-A6D2-1DDB19286961}.Debug|x86.Build.0 = Debug|Any CPU
		{9C18BFAC-56DB-43BD-A6D2-1DDB19286961}.Release|Any CPU.ActiveCfg = Release|Any CPU
		{9C18BFAC-56DB-43BD-A6D2-1DDB19286961}.Release|Any CPU.Build.0 = Release|Any CPU
		{9C18BFAC-56DB-43BD-A6D2-1DDB19286961}.Release|ARM.ActiveCfg = Release|Any CPU
		{9C18BFAC-56DB-43BD-A6D2-1DDB19286961}.Release|ARM.Build.0 = Release|Any CPU
		{9C18BFAC-56DB-43BD-A6D2-1DDB19286961}.Release|x64.ActiveCfg = Release|Any CPU
		{9C18BFAC-56DB-43BD-A6D2-1DDB19286961}.Release|x64.Build.0 = Release|Any CPU
		{9C18BFAC-56DB-43BD-A6D2-1DDB19286961}.Release|x86.ActiveCfg = Release|Any CPU
		{9C18BFAC-56DB-43BD-A6D2-1DDB19286961}.Release|x86.Build.0 = Release|Any CPU
		{875D7C4E-0004-4512-80D4-F88DC9568381}.Debug|Any CPU.ActiveCfg = Debug|Any CPU
		{875D7C4E-0004-4512-80D4-F88DC9568381}.Debug|Any CPU.Build.0 = Debug|Any CPU
		{875D7C4E-0004-4512-80D4-F88DC9568381}.Debug|ARM.ActiveCfg = Debug|ARM
		{875D7C4E-0004-4512-80D4-F88DC9568381}.Debug|ARM.Build.0 = Debug|ARM
		{875D7C4E-0004-4512-80D4-F88DC9568381}.Debug|x64.ActiveCfg = Debug|x64
		{875D7C4E-0004-4512-80D4-F88DC9568381}.Debug|x64.Build.0 = Debug|x64
		{875D7C4E-0004-4512-80D4-F88DC9568381}.Debug|x86.ActiveCfg = Debug|x86
		{875D7C4E-0004-4512-80D4-F88DC9568381}.Debug|x86.Build.0 = Debug|x86
		{875D7C4E-0004-4512-80D4-F88DC9568381}.Release|Any CPU.ActiveCfg = Release|Any CPU
		{875D7C4E-0004-4512-80D4-F88DC9568381}.Release|Any CPU.Build.0 = Release|Any CPU
		{875D7C4E-0004-4512-80D4-F88DC9568381}.Release|ARM.ActiveCfg = Release|ARM
		{875D7C4E-0004-4512-80D4-F88DC9568381}.Release|ARM.Build.0 = Release|ARM
		{875D7C4E-0004-4512-80D4-F88DC9568381}.Release|x64.ActiveCfg = Release|x64
		{875D7C4E-0004-4512-80D4-F88DC9568381}.Release|x64.Build.0 = Release|x64
		{875D7C4E-0004-4512-80D4-F88DC9568381}.Release|x86.ActiveCfg = Release|x86
		{875D7C4E-0004-4512-80D4-F88DC9568381}.Release|x86.Build.0 = Release|x86
		{138ABD63-5385-47F2-8119-889DBD3EBC4F}.Debug|Any CPU.ActiveCfg = Debug|Any CPU
		{138ABD63-5385-47F2-8119-889DBD3EBC4F}.Debug|Any CPU.Build.0 = Debug|Any CPU
		{138ABD63-5385-47F2-8119-889DBD3EBC4F}.Debug|ARM.ActiveCfg = Debug|ARM
		{138ABD63-5385-47F2-8119-889DBD3EBC4F}.Debug|ARM.Build.0 = Debug|ARM
		{138ABD63-5385-47F2-8119-889DBD3EBC4F}.Debug|x64.ActiveCfg = Debug|x64
		{138ABD63-5385-47F2-8119-889DBD3EBC4F}.Debug|x64.Build.0 = Debug|x64
		{138ABD63-5385-47F2-8119-889DBD3EBC4F}.Debug|x86.ActiveCfg = Debug|x86
		{138ABD63-5385-47F2-8119-889DBD3EBC4F}.Debug|x86.Build.0 = Debug|x86
		{138ABD63-5385-47F2-8119-889DBD3EBC4F}.Release|Any CPU.ActiveCfg = Release|Any CPU
		{138ABD63-5385-47F2-8119-889DBD3EBC4F}.Release|Any CPU.Build.0 = Release|Any CPU
		{138ABD63-5385-47F2-8119-889DBD3EBC4F}.Release|ARM.ActiveCfg = Release|ARM
		{138ABD63-5385-47F2-8119-889DBD3EBC4F}.Release|ARM.Build.0 = Release|ARM
		{138ABD63-5385-47F2-8119-889DBD3EBC4F}.Release|x64.ActiveCfg = Release|x64
		{138ABD63-5385-47F2-8119-889DBD3EBC4F}.Release|x64.Build.0 = Release|x64
		{138ABD63-5385-47F2-8119-889DBD3EBC4F}.Release|x86.ActiveCfg = Release|x86
		{138ABD63-5385-47F2-8119-889DBD3EBC4F}.Release|x86.Build.0 = Release|x86
		{E4601595-F656-49B5-8C58-393CCF6F5676}.Debug|Any CPU.ActiveCfg = Debug|Any CPU
		{E4601595-F656-49B5-8C58-393CCF6F5676}.Debug|Any CPU.Build.0 = Debug|Any CPU
		{E4601595-F656-49B5-8C58-393CCF6F5676}.Debug|ARM.ActiveCfg = Debug|Any CPU
		{E4601595-F656-49B5-8C58-393CCF6F5676}.Debug|ARM.Build.0 = Debug|Any CPU
		{E4601595-F656-49B5-8C58-393CCF6F5676}.Debug|x64.ActiveCfg = Debug|Any CPU
		{E4601595-F656-49B5-8C58-393CCF6F5676}.Debug|x64.Build.0 = Debug|Any CPU
		{E4601595-F656-49B5-8C58-393CCF6F5676}.Debug|x86.ActiveCfg = Debug|Any CPU
		{E4601595-F656-49B5-8C58-393CCF6F5676}.Debug|x86.Build.0 = Debug|Any CPU
		{E4601595-F656-49B5-8C58-393CCF6F5676}.Release|Any CPU.ActiveCfg = Release|Any CPU
		{E4601595-F656-49B5-8C58-393CCF6F5676}.Release|ARM.ActiveCfg = Release|Any CPU
		{E4601595-F656-49B5-8C58-393CCF6F5676}.Release|x64.ActiveCfg = Release|Any CPU
		{E4601595-F656-49B5-8C58-393CCF6F5676}.Release|x86.ActiveCfg = Release|Any CPU
		{0451BAEF-DF2E-4B98-8644-94EE9415E389}.Debug|Any CPU.ActiveCfg = Debug|Any CPU
		{0451BAEF-DF2E-4B98-8644-94EE9415E389}.Debug|Any CPU.Build.0 = Debug|Any CPU
		{0451BAEF-DF2E-4B98-8644-94EE9415E389}.Debug|ARM.ActiveCfg = Debug|Any CPU
		{0451BAEF-DF2E-4B98-8644-94EE9415E389}.Debug|ARM.Build.0 = Debug|Any CPU
		{0451BAEF-DF2E-4B98-8644-94EE9415E389}.Debug|x64.ActiveCfg = Debug|Any CPU
		{0451BAEF-DF2E-4B98-8644-94EE9415E389}.Debug|x64.Build.0 = Debug|Any CPU
		{0451BAEF-DF2E-4B98-8644-94EE9415E389}.Debug|x86.ActiveCfg = Debug|Any CPU
		{0451BAEF-DF2E-4B98-8644-94EE9415E389}.Debug|x86.Build.0 = Debug|Any CPU
		{0451BAEF-DF2E-4B98-8644-94EE9415E389}.Release|Any CPU.ActiveCfg = Release|Any CPU
		{0451BAEF-DF2E-4B98-8644-94EE9415E389}.Release|ARM.ActiveCfg = Release|Any CPU
		{0451BAEF-DF2E-4B98-8644-94EE9415E389}.Release|x64.ActiveCfg = Release|Any CPU
		{0451BAEF-DF2E-4B98-8644-94EE9415E389}.Release|x86.ActiveCfg = Release|Any CPU
	EndGlobalSection
	GlobalSection(SolutionProperties) = preSolution
		HideSolutionNode = FALSE
	EndGlobalSection
	GlobalSection(NestedProjects) = preSolution
		{A2973D4C-660C-42C8-A610-3B69170B6932} = {724F85B0-4E93-46D4-AD51-D04C54139498}
		{9C18BFAC-56DB-43BD-A6D2-1DDB19286961} = {724F85B0-4E93-46D4-AD51-D04C54139498}
		{E4601595-F656-49B5-8C58-393CCF6F5676} = {217D407F-7183-476B-A15C-E0324A0800E5}
		{0451BAEF-DF2E-4B98-8644-94EE9415E389} = {217D407F-7183-476B-A15C-E0324A0800E5}
	EndGlobalSection
EndGlobal
